
Microsoft Visual Studio Solution File, Format Version 12.00
# Visual Studio Version 17
VisualStudioVersion = 17.13.35828.75 d17.13
MinimumVisualStudioVersion = 10.0.40219.1
Project("{FAE04EC0-301F-11D3-BF4B-00C04F79EFBC}") = "COMP003B.LectureActivity3", "COMP003B.LectureActivity3\COMP003B.LectureActivity3.csproj", "{B8EAC934-7828-4571-B9C0-77B19FAEF32B}"
EndProject
Global
	GlobalSection(SolutionConfigurationPlatforms) = preSolution
		Debug|Any CPU = Debug|Any CPU
		Release|Any CPU = Release|Any CPU
	EndGlobalSection
	GlobalSection(ProjectConfigurationPlatforms) = postSolution
		{B8EAC934-7828-4571-B9C0-77B19FAEF32B}.Debug|Any CPU.ActiveCfg = Debug|Any CPU
		{B8EAC934-7828-4571-B9C0-77B19FAEF32B}.Debug|Any CPU.Build.0 = Debug|Any CPU
		{B8EAC934-7828-4571-B9C0-77B19FAEF32B}.Release|Any CPU.ActiveCfg = Release|Any CPU
		{B8EAC934-7828-4571-B9C0-77B19FAEF32B}.Release|Any CPU.Build.0 = Release|Any CPU
	EndGlobalSection
	GlobalSection(SolutionProperties) = preSolution
		HideSolutionNode = FALSE
	EndGlobalSection
	GlobalSection(ExtensibilityGlobals) = postSolution
		SolutionGuid = {861D295B-59F9-4EB5-B400-6AE6B19F4E7D}
	EndGlobalSection
EndGlobal
